{
  "name": "AI_Preditions",
  "lockfileVersion": 3,
  "requires": true,
  "packages": {
    "": {
      "dependencies": {
        "boto3": "^0.0.1",
        "botocore": "^0.0.1",
        "tqdm": "^2.0.3"
      }
    },
    "node_modules/boto3": {
      "version": "0.0.1",
      "resolved": "https://registry.npmjs.org/boto3/-/boto3-0.0.1.tgz",
      "integrity": "sha512-IFT1HCaLUSzk//uM4++Lv65Rf/hT3GGjLWMkZvDuutPgV/uoWQFTpixfnWhOfWKFUFQxYeg0JbLfQ6PpQJBGYw==",
      "license": "ISC"
    },
    "node_modules/botocore": {
      "version": "0.0.1",
      "resolved": "https://registry.npmjs.org/botocore/-/botocore-0.0.1.tgz",
      "integrity": "sha512-T/JZh9lhJo3lY4cbbsJrDR4RMGTVDVQTifoijx6TydIGNrQJi7GGAE5xZOFENyftYRTS5hKTm7ogcoIYvaxwWQ==",
      "license": "ISC"
    },
    "node_modules/tqdm": {
      "version": "2.0.3",
      "resolved": "https://registry.npmjs.org/tqdm/-/tqdm-2.0.3.tgz",
      "integrity": "sha512-Ju50G550gspkjd1AiJ/jFBHe2dii9s+KPntEsq0o73BqywqzNWPUM8/FD3zM1rOH7OGLoH7pGSGI90Ct+Yd/5Q==",
      "license": "ISC"
    }
  }
}
